
Microsoft Visual Studio Solution File, Format Version 12.00
# Visual Studio Version 17
VisualStudioVersion = 17.14.36310.24 d17.14
MinimumVisualStudioVersion = 10.0.40219.1
Project("{FAE04EC0-301F-11D3-BF4B-00C04F79EFBC}") = "AtividadeAppC#", "AtividadeAppC#\AtividadeAppC#.csproj", "{EB2A8CB3-519F-4749-9FDD-D58344C7F6AE}"
EndProject
Global
	GlobalSection(SolutionConfigurationPlatforms) = preSolution
		Debug|Any CPU = Debug|Any CPU
		Release|Any CPU = Release|Any CPU
	EndGlobalSection
	GlobalSection(ProjectConfigurationPlatforms) = postSolution
		{EB2A8CB3-519F-4749-9FDD-D58344C7F6AE}.Debug|Any CPU.ActiveCfg = Debug|Any CPU
		{EB2A8CB3-519F-4749-9FDD-D58344C7F6AE}.Debug|Any CPU.Build.0 = Debug|Any CPU
		{EB2A8CB3-519F-4749-9FDD-D58344C7F6AE}.Release|Any CPU.ActiveCfg = Release|Any CPU
		{EB2A8CB3-519F-4749-9FDD-D58344C7F6AE}.Release|Any CPU.Build.0 = Release|Any CPU
	EndGlobalSection
	GlobalSection(SolutionProperties) = preSolution
		HideSolutionNode = FALSE
	EndGlobalSection
	GlobalSection(ExtensibilityGlobals) = postSolution
		SolutionGuid = {BC4E785C-7A04-49E6-9DE5-0C41FFB22E0B}
	EndGlobalSection
EndGlobal
